
Microsoft Visual Studio Solution File, Format Version 12.00
# Visual Studio Version 17
VisualStudioVersion = 17.2.32519.379
MinimumVisualStudioVersion = 10.0.40219.1
Project("{FAE04EC0-301F-11D3-BF4B-00C04F79EFBC}") = "AnalogClock", "AnalogClock.csproj", "{BBC80786-93A6-4607-958C-D54F2BC8CF9D}"
EndProject
Global
	GlobalSection(SolutionConfigurationPlatforms) = preSolution
		Debug|Any CPU = Debug|Any CPU
		Release|Any CPU = Release|Any CPU
	EndGlobalSection
	GlobalSection(ProjectConfigurationPlatforms) = postSolution
		{BBC80786-93A6-4607-958C-D54F2BC8CF9D}.Debug|Any CPU.ActiveCfg = Debug|Any CPU
		{BBC80786-93A6-4607-958C-D54F2BC8CF9D}.Debug|Any CPU.Build.0 = Debug|Any CPU
		{BBC80786-93A6-4607-958C-D54F2BC8CF9D}.Release|Any CPU.ActiveCfg = Release|Any CPU
		{BBC80786-93A6-4607-958C-D54F2BC8CF9D}.Release|Any CPU.Build.0 = Release|Any CPU
	EndGlobalSection
	GlobalSection(SolutionProperties) = preSolution
		HideSolutionNode = FALSE
	EndGlobalSection
	GlobalSection(ExtensibilityGlobals) = postSolution
		SolutionGuid = {57C711AB-7D7B-4CB8-B81A-493C4E87522D}
	EndGlobalSection
EndGlobal
